
Microsoft Visual Studio Solution File, Format Version 12.00
# Visual Studio Version 17
VisualStudioVersion = 17.7.34202.233
MinimumVisualStudioVersion = 10.0.40219.1
Project("{9A19103F-16F7-4668-BE54-9A1E7A4F7556}") = "LuckyFoodSystem.Infrastructure", "LuckyFoodSystem.Infrastructure\LuckyFoodSystem.Infrastructure.csproj", "{204F9393-3202-438F-B629-9C37ECCC4CE4}"
EndProject
Project("{9A19103F-16F7-4668-BE54-9A1E7A4F7556}") = "LuckyFoodSystem.Contracts", "LuckyFoodSystem.Contracts\LuckyFoodSystem.Contracts.csproj", "{884F33A0-5EC8-4504-A3BC-91CE11F2DF13}"
EndProject
Project("{9A19103F-16F7-4668-BE54-9A1E7A4F7556}") = "LuckyFoodSystem.Application", "LuckyFoodSystem.Application\LuckyFoodSystem.Application.csproj", "{A56AFEA3-7C26-4510-AE61-F71469BE09A1}"
EndProject
Project("{9A19103F-16F7-4668-BE54-9A1E7A4F7556}") = "LuckyFoodSystem.Domain", "LuckyFoodSystem.Domain\LuckyFoodSystem.Domain.csproj", "{AD5E727B-27BD-4F76-8A1E-C5D8E77610CD}"
EndProject
Project("{FAE04EC0-301F-11D3-BF4B-00C04F79EFBC}") = "LuckyFoodSystem.ProductApi.Grpc", "LuckyFoodSystem.ProductApi.Grpc\LuckyFoodSystem.ProductApi.Grpc.csproj", "{FDB05CC0-07AB-4D65-B02A-D26C67F81C6F}"
EndProject
Project("{9A19103F-16F7-4668-BE54-9A1E7A4F7556}") = "LuckyFoodSystem.ProductAPI", "LuckyFoodSystem.ProductApi\LuckyFoodSystem.ProductAPI.csproj", "{791CDC4A-A00F-45C7-A6DB-337864BBDB80}"
EndProject
Global
	GlobalSection(SolutionConfigurationPlatforms) = preSolution
		Debug|Any CPU = Debug|Any CPU
		Release|Any CPU = Release|Any CPU
	EndGlobalSection
	GlobalSection(ProjectConfigurationPlatforms) = postSolution
		{204F9393-3202-438F-B629-9C37ECCC4CE4}.Debug|Any CPU.ActiveCfg = Debug|Any CPU
		{204F9393-3202-438F-B629-9C37ECCC4CE4}.Debug|Any CPU.Build.0 = Debug|Any CPU
		{204F9393-3202-438F-B629-9C37ECCC4CE4}.Release|Any CPU.ActiveCfg = Release|Any CPU
		{204F9393-3202-438F-B629-9C37ECCC4CE4}.Release|Any CPU.Build.0 = Release|Any CPU
		{884F33A0-5EC8-4504-A3BC-91CE11F2DF13}.Debug|Any CPU.ActiveCfg = Debug|Any CPU
		{884F33A0-5EC8-4504-A3BC-91CE11F2DF13}.Debug|Any CPU.Build.0 = Debug|Any CPU
		{884F33A0-5EC8-4504-A3BC-91CE11F2DF13}.Release|Any CPU.ActiveCfg = Release|Any CPU
		{884F33A0-5EC8-4504-A3BC-91CE11F2DF13}.Release|Any CPU.Build.0 = Release|Any CPU
		{A56AFEA3-7C26-4510-AE61-F71469BE09A1}.Debug|Any CPU.ActiveCfg = Debug|Any CPU
		{A56AFEA3-7C26-4510-AE61-F71469BE09A1}.Debug|Any CPU.Build.0 = Debug|Any CPU
		{A56AFEA3-7C26-4510-AE61-F71469BE09A1}.Release|Any CPU.ActiveCfg = Release|Any CPU
		{A56AFEA3-7C26-4510-AE61-F71469BE09A1}.Release|Any CPU.Build.0 = Release|Any CPU
		{AD5E727B-27BD-4F76-8A1E-C5D8E77610CD}.Debug|Any CPU.ActiveCfg = Debug|Any CPU
		{AD5E727B-27BD-4F76-8A1E-C5D8E77610CD}.Debug|Any CPU.Build.0 = Debug|Any CPU
		{AD5E727B-27BD-4F76-8A1E-C5D8E77610CD}.Release|Any CPU.ActiveCfg = Release|Any CPU
		{AD5E727B-27BD-4F76-8A1E-C5D8E77610CD}.Release|Any CPU.Build.0 = Release|Any CPU
		{FDB05CC0-07AB-4D65-B02A-D26C67F81C6F}.Debug|Any CPU.ActiveCfg = Debug|Any CPU
		{FDB05CC0-07AB-4D65-B02A-D26C67F81C6F}.Debug|Any CPU.Build.0 = Debug|Any CPU
		{FDB05CC0-07AB-4D65-B02A-D26C67F81C6F}.Release|Any CPU.ActiveCfg = Release|Any CPU
		{FDB05CC0-07AB-4D65-B02A-D26C67F81C6F}.Release|Any CPU.Build.0 = Release|Any CPU
		{791CDC4A-A00F-45C7-A6DB-337864BBDB80}.Debug|Any CPU.ActiveCfg = Debug|Any CPU
		{791CDC4A-A00F-45C7-A6DB-337864BBDB80}.Debug|Any CPU.Build.0 = Debug|Any CPU
		{791CDC4A-A00F-45C7-A6DB-337864BBDB80}.Release|Any CPU.ActiveCfg = Release|Any CPU
		{791CDC4A-A00F-45C7-A6DB-337864BBDB80}.Release|Any CPU.Build.0 = Release|Any CPU
	EndGlobalSection
	GlobalSection(SolutionProperties) = preSolution
		HideSolutionNode = FALSE
	EndGlobalSection
	GlobalSection(ExtensibilityGlobals) = postSolution
		SolutionGuid = {5E49089E-C369-4B30-9782-0E6592717236}
	EndGlobalSection
EndGlobal
