
Microsoft Visual Studio Solution File, Format Version 12.00
# Visual Studio Version 17
VisualStudioVersion = 17.10.34814.14
MinimumVisualStudioVersion = 10.0.40219.1
Project("{2150E333-8FDC-42A3-9474-1A3956D46DE8}") = "LuckyFoodSystem.OrdersDelivery", "LuckyFoodSystem.OrdersDelivery", "{92FD98F2-B7E9-46E0-9BBD-DF8D271E2D67}"
EndProject
Project("{2150E333-8FDC-42A3-9474-1A3956D46DE8}") = "LuckyFoodSystem.Utils", "LuckyFoodSystem.Utils", "{2D7DA8A1-9A75-4AA8-8ED1-C4AC8F0533AD}"
EndProject
Project("{9A19103F-16F7-4668-BE54-9A1E7A4F7556}") = "LuckyFoodSystem.Shared", "LuckyFoodSystem.Utils\LuckyFoodSystem.Shared\LuckyFoodSystem.Shared.csproj", "{34482B3A-1D40-480E-AEAD-BC084D8562A0}"
EndProject
Project("{9A19103F-16F7-4668-BE54-9A1E7A4F7556}") = "SourceGeneratingDomain", "LuckyFoodSystem.Utils\SourceGeneratingDomain\SourceGeneratingDomain.csproj", "{08BAB849-21CA-4F30-ACED-DAD42550123B}"
EndProject
Project("{2150E333-8FDC-42A3-9474-1A3956D46DE8}") = "Solution Items", "Solution Items", "{4017E93A-4802-45BA-A7B0-63438F43409B}"
	ProjectSection(SolutionItems) = preProject
		.editorconfig = .editorconfig
	EndProjectSection
EndProject
Project("{9A19103F-16F7-4668-BE54-9A1E7A4F7556}") = "LuckyFoodSystem.OrdersDelivery.API", "LuckyFoodSystem.OrdersDelivery\LuckyFoodSystem.OrdersDelivery.API\LuckyFoodSystem.OrdersDelivery.API.csproj", "{FA0ABACC-2C65-4387-B1C9-5CC42FC70D83}"
EndProject
Project("{9A19103F-16F7-4668-BE54-9A1E7A4F7556}") = "LuckyFoodSystem.OrdersDelivery.Bll", "LuckyFoodSystem.OrdersDelivery\LuckyFoodSystem.OrdersDelivery.Bll\LuckyFoodSystem.OrdersDelivery.Bll.csproj", "{481C60A2-4539-4D07-B3A9-6E84B921CE1F}"
EndProject
Project("{9A19103F-16F7-4668-BE54-9A1E7A4F7556}") = "LuckyFoodSystem.OrdersDelivery.Domain", "LuckyFoodSystem.OrdersDelivery\LuckyFoodSystem.OrdersDelivery.Domain\LuckyFoodSystem.OrdersDelivery.Domain.csproj", "{FC12C510-2AF1-40BE-A4F6-0B1DE4BC8FF1}"
EndProject
Project("{9A19103F-16F7-4668-BE54-9A1E7A4F7556}") = "LuckyFoodSystem.OrdersDelivery.Infrastructure", "LuckyFoodSystem.OrdersDelivery\LuckyFoodSystem.OrdersDelivery.Infrastructure\LuckyFoodSystem.OrdersDelivery.Infrastructure.csproj", "{7A1C7875-6106-4B36-A7A6-93B533C6A511}"
EndProject
Global
	GlobalSection(SolutionConfigurationPlatforms) = preSolution
		Debug|Any CPU = Debug|Any CPU
		Release|Any CPU = Release|Any CPU
	EndGlobalSection
	GlobalSection(ProjectConfigurationPlatforms) = postSolution
		{34482B3A-1D40-480E-AEAD-BC084D8562A0}.Debug|Any CPU.ActiveCfg = Debug|Any CPU
		{34482B3A-1D40-480E-AEAD-BC084D8562A0}.Debug|Any CPU.Build.0 = Debug|Any CPU
		{34482B3A-1D40-480E-AEAD-BC084D8562A0}.Release|Any CPU.ActiveCfg = Release|Any CPU
		{34482B3A-1D40-480E-AEAD-BC084D8562A0}.Release|Any CPU.Build.0 = Release|Any CPU
		{08BAB849-21CA-4F30-ACED-DAD42550123B}.Debug|Any CPU.ActiveCfg = Debug|Any CPU
		{08BAB849-21CA-4F30-ACED-DAD42550123B}.Debug|Any CPU.Build.0 = Debug|Any CPU
		{08BAB849-21CA-4F30-ACED-DAD42550123B}.Release|Any CPU.ActiveCfg = Release|Any CPU
		{08BAB849-21CA-4F30-ACED-DAD42550123B}.Release|Any CPU.Build.0 = Release|Any CPU
		{FA0ABACC-2C65-4387-B1C9-5CC42FC70D83}.Debug|Any CPU.ActiveCfg = Debug|Any CPU
		{FA0ABACC-2C65-4387-B1C9-5CC42FC70D83}.Debug|Any CPU.Build.0 = Debug|Any CPU
		{FA0ABACC-2C65-4387-B1C9-5CC42FC70D83}.Release|Any CPU.ActiveCfg = Release|Any CPU
		{FA0ABACC-2C65-4387-B1C9-5CC42FC70D83}.Release|Any CPU.Build.0 = Release|Any CPU
		{481C60A2-4539-4D07-B3A9-6E84B921CE1F}.Debug|Any CPU.ActiveCfg = Debug|Any CPU
		{481C60A2-4539-4D07-B3A9-6E84B921CE1F}.Debug|Any CPU.Build.0 = Debug|Any CPU
		{481C60A2-4539-4D07-B3A9-6E84B921CE1F}.Release|Any CPU.ActiveCfg = Release|Any CPU
		{481C60A2-4539-4D07-B3A9-6E84B921CE1F}.Release|Any CPU.Build.0 = Release|Any CPU
		{FC12C510-2AF1-40BE-A4F6-0B1DE4BC8FF1}.Debug|Any CPU.ActiveCfg = Debug|Any CPU
		{FC12C510-2AF1-40BE-A4F6-0B1DE4BC8FF1}.Debug|Any CPU.Build.0 = Debug|Any CPU
		{FC12C510-2AF1-40BE-A4F6-0B1DE4BC8FF1}.Release|Any CPU.ActiveCfg = Release|Any CPU
		{FC12C510-2AF1-40BE-A4F6-0B1DE4BC8FF1}.Release|Any CPU.Build.0 = Release|Any CPU
		{7A1C7875-6106-4B36-A7A6-93B533C6A511}.Debug|Any CPU.ActiveCfg = Debug|Any CPU
		{7A1C7875-6106-4B36-A7A6-93B533C6A511}.Debug|Any CPU.Build.0 = Debug|Any CPU
		{7A1C7875-6106-4B36-A7A6-93B533C6A511}.Release|Any CPU.ActiveCfg = Release|Any CPU
		{7A1C7875-6106-4B36-A7A6-93B533C6A511}.Release|Any CPU.Build.0 = Release|Any CPU
	EndGlobalSection
	GlobalSection(SolutionProperties) = preSolution
		HideSolutionNode = FALSE
	EndGlobalSection
	GlobalSection(NestedProjects) = preSolution
		{34482B3A-1D40-480E-AEAD-BC084D8562A0} = {2D7DA8A1-9A75-4AA8-8ED1-C4AC8F0533AD}
		{08BAB849-21CA-4F30-ACED-DAD42550123B} = {2D7DA8A1-9A75-4AA8-8ED1-C4AC8F0533AD}
		{FA0ABACC-2C65-4387-B1C9-5CC42FC70D83} = {92FD98F2-B7E9-46E0-9BBD-DF8D271E2D67}
		{481C60A2-4539-4D07-B3A9-6E84B921CE1F} = {92FD98F2-B7E9-46E0-9BBD-DF8D271E2D67}
		{FC12C510-2AF1-40BE-A4F6-0B1DE4BC8FF1} = {92FD98F2-B7E9-46E0-9BBD-DF8D271E2D67}
		{7A1C7875-6106-4B36-A7A6-93B533C6A511} = {92FD98F2-B7E9-46E0-9BBD-DF8D271E2D67}
	EndGlobalSection
	GlobalSection(ExtensibilityGlobals) = postSolution
		SolutionGuid = {98C56287-8D18-427E-891C-9A54906C77FA}
	EndGlobalSection
EndGlobal
